
Microsoft Visual Studio Solution File, Format Version 12.00
# Visual Studio Version 17
VisualStudioVersion = 17.4.33205.214
MinimumVisualStudioVersion = 10.0.40219.1
Project("{FAE04EC0-301F-11D3-BF4B-00C04F79EFBC}") = "GameTicTacToe", "GameTicTacToe\GameTicTacToe.csproj", "{CF1B80C7-3179-4E01-88DE-F19BC56663E5}"
EndProject
Global
	GlobalSection(SolutionConfigurationPlatforms) = preSolution
		Debug|Any CPU = Debug|Any CPU
		Release|Any CPU = Release|Any CPU
	EndGlobalSection
	GlobalSection(ProjectConfigurationPlatforms) = postSolution
		{CF1B80C7-3179-4E01-88DE-F19BC56663E5}.Debug|Any CPU.ActiveCfg = Debug|Any CPU
		{CF1B80C7-3179-4E01-88DE-F19BC56663E5}.Debug|Any CPU.Build.0 = Debug|Any CPU
		{CF1B80C7-3179-4E01-88DE-F19BC56663E5}.Release|Any CPU.ActiveCfg = Release|Any CPU
		{CF1B80C7-3179-4E01-88DE-F19BC56663E5}.Release|Any CPU.Build.0 = Release|Any CPU
	EndGlobalSection
	GlobalSection(SolutionProperties) = preSolution
		HideSolutionNode = FALSE
	EndGlobalSection
	GlobalSection(ExtensibilityGlobals) = postSolution
		SolutionGuid = {D98B3EAE-AEA6-4071-86C5-3B0C9353F079}
	EndGlobalSection
EndGlobal
